{
  "requires": true,
  "lockfileVersion": 1,
  "dependencies": {
    "angularjs-social-login": {
      "version": "2.6.1",
      "resolved": "https://registry.npmjs.org/angularjs-social-login/-/angularjs-social-login-2.6.1.tgz",
      "integrity": "sha1-seToAmC8m5n1Z0mWK6Tjy+m8VDk=",
      "requires": {
        "angular": "1.6.5"
      },
      "dependencies": {
        "angular": {
          "version": "1.6.5",
          "resolved": "https://registry.npmjs.org/angular/-/angular-1.6.5.tgz",
          "integrity": "sha1-N/eI7r7Fzi4/oCsXu8sqIxV2oNY="
        }
      }
    }
  }
}
